// !$*UTF8*$!
{
	archiveVersion = 1;
	classes = {
	};
	objectVersion = 77;
	objects = {

/* Begin PBXBuildFile section */
		437E1C0A2EB3C30000C5635A /* Wurstfinger.appex in Embed App Extensions */ = {isa = PBXBuildFile; fileRef = 437E1C042EB3C30000C5635A /* Wurstfinger.appex */; settings = {ATTRIBUTES = (RemoveHeadersOnCopy, ); }; };
/* End PBXBuildFile section */

/* Begin PBXContainerItemProxy section */
		427511A02EAAF62100C5635A /* PBXContainerItemProxy */ = {
			isa = PBXContainerItemProxy;
			containerPortal = 4275118A2EAAF62000C5635A /* Project object */;
			proxyType = 1;
			remoteGlobalIDString = 427511912EAAF62000C5635A;
			remoteInfo = WurstfingerApp;
		};
		427511AA2EAAF62100C5635A /* PBXContainerItemProxy */ = {
			isa = PBXContainerItemProxy;
			containerPortal = 4275118A2EAAF62000C5635A /* Project object */;
			proxyType = 1;
			remoteGlobalIDString = 427511912EAAF62000C5635A;
			remoteInfo = WurstfingerApp;
		};
		427511FF2EAAF62100C5635A /* PBXContainerItemProxy */ = {
			isa = PBXContainerItemProxy;
			containerPortal = 4275118A2EAAF62000C5635A /* Project object */;
			proxyType = 1;
			remoteGlobalIDString = 437E1C002EB3C30000C5635A;
			remoteInfo = Wurstfinger;
		};
		437E1C0B2EB3C30000C5635A /* PBXContainerItemProxy */ = {
			isa = PBXContainerItemProxy;
			containerPortal = 4275118A2EAAF62000C5635A /* Project object */;
			proxyType = 1;
			remoteGlobalIDString = 437E1C002EB3C30000C5635A;
			remoteInfo = Wurstfinger;
		};
/* End PBXContainerItemProxy section */

/* Begin PBXCopyFilesBuildPhase section */
		437E1C092EB3C30000C5635A /* Embed App Extensions */ = {
			isa = PBXCopyFilesBuildPhase;
			buildActionMask = 2147483647;
			dstPath = "";
			dstSubfolderSpec = 13;
			files = (
				437E1C0A2EB3C30000C5635A /* Wurstfinger.appex in Embed App Extensions */,
			);
			name = "Embed App Extensions";
			runOnlyForDeploymentPostprocessing = 0;
		};
/* End PBXCopyFilesBuildPhase section */

/* Begin PBXFileReference section */
		427511922EAAF62000C5635A /* WurstfingerApp.app */ = {isa = PBXFileReference; explicitFileType = wrapper.application; includeInIndex = 0; path = WurstfingerApp.app; sourceTree = BUILT_PRODUCTS_DIR; };
		4275119F2EAAF62100C5635A /* WurstfingerTests.xctest */ = {isa = PBXFileReference; explicitFileType = wrapper.cfbundle; includeInIndex = 0; path = WurstfingerTests.xctest; sourceTree = BUILT_PRODUCTS_DIR; };
		427511A92EAAF62100C5635A /* WurstfingerUITests.xctest */ = {isa = PBXFileReference; explicitFileType = wrapper.cfbundle; includeInIndex = 0; path = WurstfingerUITests.xctest; sourceTree = BUILT_PRODUCTS_DIR; };
		437E1C042EB3C30000C5635A /* Wurstfinger.appex */ = {isa = PBXFileReference; explicitFileType = "wrapper.app-extension"; includeInIndex = 0; path = Wurstfinger.appex; sourceTree = BUILT_PRODUCTS_DIR; };
/* End PBXFileReference section */

/* Begin PBXFileSystemSynchronizedBuildFileExceptionSet section */
		422B5FA22EAED9E8002A926E /* Exceptions for "wurstfingerKeyboard" folder in "Wurstfinger" target */ = {
			isa = PBXFileSystemSynchronizedBuildFileExceptionSet;
			membershipExceptions = (
				Info.plist,
			);
			target = 437E1C002EB3C30000C5635A /* Wurstfinger */;
		};
		42C0B35D2EB16D3400DF2D45 /* Exceptions for "wurstfingerKeyboard" folder in "WurstfingerApp" target */ = {
			isa = PBXFileSystemSynchronizedBuildFileExceptionSet;
			membershipExceptions = (
				Info.plist,
				Localizable.xcstrings,
				PrivacyInfo.xcprivacy,
				Settings/SharedDefaults.swift,
			);
			target = 427511912EAAF62000C5635A /* WurstfingerApp */;
		};
/* End PBXFileSystemSynchronizedBuildFileExceptionSet section */

/* Begin PBXFileSystemSynchronizedRootGroup section */
		427511942EAAF62000C5635A /* wurstfinger */ = {
			isa = PBXFileSystemSynchronizedRootGroup;
			path = wurstfinger;
			sourceTree = "<group>";
		};
		427511A22EAAF62100C5635A /* wurstfingerTests */ = {
			isa = PBXFileSystemSynchronizedRootGroup;
			path = wurstfingerTests;
			sourceTree = "<group>";
		};
		427511AC2EAAF62100C5635A /* wurstfingerUITests */ = {
			isa = PBXFileSystemSynchronizedRootGroup;
			path = wurstfingerUITests;
			sourceTree = "<group>";
		};
		437E1C052EB3C30000C5635A /* wurstfingerKeyboard */ = {
			isa = PBXFileSystemSynchronizedRootGroup;
			exceptions = (
				42C0B35D2EB16D3400DF2D45 /* Exceptions for "wurstfingerKeyboard" folder in "WurstfingerApp" target */,
				422B5FA22EAED9E8002A926E /* Exceptions for "wurstfingerKeyboard" folder in "Wurstfinger" target */,
			);
			path = wurstfingerKeyboard;
			sourceTree = "<group>";
		};
/* End PBXFileSystemSynchronizedRootGroup section */

/* Begin PBXFrameworksBuildPhase section */
		4275118F2EAAF62000C5635A /* Frameworks */ = {
			isa = PBXFrameworksBuildPhase;
			buildActionMask = 2147483647;
			files = (
			);
			runOnlyForDeploymentPostprocessing = 0;
		};
		4275119C2EAAF62100C5635A /* Frameworks */ = {
			isa = PBXFrameworksBuildPhase;
			buildActionMask = 2147483647;
			files = (
			);
			runOnlyForDeploymentPostprocessing = 0;
		};
		427511A62EAAF62100C5635A /* Frameworks */ = {
			isa = PBXFrameworksBuildPhase;
			buildActionMask = 2147483647;
			files = (
			);
			runOnlyForDeploymentPostprocessing = 0;
		};
		437E1C012EB3C30000C5635A /* Frameworks */ = {
			isa = PBXFrameworksBuildPhase;
			buildActionMask = 2147483647;
			files = (
			);
			runOnlyForDeploymentPostprocessing = 0;
		};
/* End PBXFrameworksBuildPhase section */

/* Begin PBXGroup section */
		427511892EAAF62000C5635A = {
			isa = PBXGroup;
			children = (
				427511942EAAF62000C5635A /* wurstfinger */,
				437E1C052EB3C30000C5635A /* wurstfingerKeyboard */,
				427511A22EAAF62100C5635A /* wurstfingerTests */,
				427511AC2EAAF62100C5635A /* wurstfingerUITests */,
				427511932EAAF62000C5635A /* Products */,
			);
			sourceTree = "<group>";
		};
		427511932EAAF62000C5635A /* Products */ = {
			isa = PBXGroup;
			children = (
				427511922EAAF62000C5635A /* WurstfingerApp.app */,
				4275119F2EAAF62100C5635A /* WurstfingerTests.xctest */,
				427511A92EAAF62100C5635A /* WurstfingerUITests.xctest */,
				437E1C042EB3C30000C5635A /* Wurstfinger.appex */,
			);
			name = Products;
			sourceTree = "<group>";
		};
/* End PBXGroup section */

/* Begin PBXNativeTarget section */
		427511912EAAF62000C5635A /* WurstfingerApp */ = {
			isa = PBXNativeTarget;
			buildConfigurationList = 427511B32EAAF62100C5635A /* Build configuration list for PBXNativeTarget "WurstfingerApp" */;
			buildPhases = (
				4275118E2EAAF62000C5635A /* Sources */,
				4275118F2EAAF62000C5635A /* Frameworks */,
				427511902EAAF62000C5635A /* Resources */,
				437E1C092EB3C30000C5635A /* Embed App Extensions */,
			);
			buildRules = (
			);
			dependencies = (
				437E1C0C2EB3C30000C5635A /* PBXTargetDependency */,
			);
			fileSystemSynchronizedGroups = (
				427511942EAAF62000C5635A /* wurstfinger */,
				437E1C052EB3C30000C5635A /* wurstfingerKeyboard */,
			);
			name = WurstfingerApp;
			packageProductDependencies = (
			);
			productName = WurstfingerApp;
			productReference = 427511922EAAF62000C5635A /* WurstfingerApp.app */;
			productType = "com.apple.product-type.application";
		};
		4275119E2EAAF62100C5635A /* WurstfingerTests */ = {
			isa = PBXNativeTarget;
			buildConfigurationList = 427511B62EAAF62100C5635A /* Build configuration list for PBXNativeTarget "WurstfingerTests" */;
			buildPhases = (
				4275119B2EAAF62100C5635A /* Sources */,
				4275119C2EAAF62100C5635A /* Frameworks */,
				4275119D2EAAF62100C5635A /* Resources */,
			);
			buildRules = (
			);
			dependencies = (
				427511A12EAAF62100C5635A /* PBXTargetDependency */,
				427511FE2EAAF62100C5635A /* PBXTargetDependency */,
			);
			fileSystemSynchronizedGroups = (
				427511A22EAAF62100C5635A /* wurstfingerTests */,
			);
			name = WurstfingerTests;
			packageProductDependencies = (
			);
			productName = wurstfingerTests;
			productReference = 4275119F2EAAF62100C5635A /* WurstfingerTests.xctest */;
			productType = "com.apple.product-type.bundle.unit-test";
		};
		427511A82EAAF62100C5635A /* WurstfingerUITests */ = {
			isa = PBXNativeTarget;
			buildConfigurationList = 427511B92EAAF62100C5635A /* Build configuration list for PBXNativeTarget "WurstfingerUITests" */;
			buildPhases = (
				427511A52EAAF62100C5635A /* Sources */,
				427511A62EAAF62100C5635A /* Frameworks */,
				427511A72EAAF62100C5635A /* Resources */,
			);
			buildRules = (
			);
			dependencies = (
				427511AB2EAAF62100C5635A /* PBXTargetDependency */,
			);
			fileSystemSynchronizedGroups = (
				427511AC2EAAF62100C5635A /* wurstfingerUITests */,
			);
			name = WurstfingerUITests;
			packageProductDependencies = (
			);
			productName = wurstfingerUITests;
			productReference = 427511A92EAAF62100C5635A /* WurstfingerUITests.xctest */;
			productType = "com.apple.product-type.bundle.ui-testing";
		};
		437E1C002EB3C30000C5635A /* Wurstfinger */ = {
			isa = PBXNativeTarget;
			buildConfigurationList = 437E1C062EB3C30000C5635A /* Build configuration list for PBXNativeTarget "Wurstfinger" */;
			buildPhases = (
				437E1C032EB3C30000C5635A /* Sources */,
				437E1C012EB3C30000C5635A /* Frameworks */,
				437E1C022EB3C30000C5635A /* Resources */,
			);
			buildRules = (
			);
			dependencies = (
			);
			fileSystemSynchronizedGroups = (
				437E1C052EB3C30000C5635A /* wurstfingerKeyboard */,
			);
			name = Wurstfinger;
			packageProductDependencies = (
			);
			productName = Wurstfinger;
			productReference = 437E1C042EB3C30000C5635A /* Wurstfinger.appex */;
			productType = "com.apple.product-type.app-extension";
		};
/* End PBXNativeTarget section */

/* Begin PBXProject section */
		4275118A2EAAF62000C5635A /* Project object */ = {
			isa = PBXProject;
			attributes = {
				BuildIndependentTargetsInParallel = 1;
				LastSwiftUpdateCheck = 1640;
				LastUpgradeCheck = 1640;
				TargetAttributes = {
					427511912EAAF62000C5635A = {
						CreatedOnToolsVersion = 16.4;
					};
					4275119E2EAAF62100C5635A = {
						CreatedOnToolsVersion = 16.4;
						TestTargetID = 427511912EAAF62000C5635A;
					};
					427511A82EAAF62100C5635A = {
						CreatedOnToolsVersion = 16.4;
						TestTargetID = 427511912EAAF62000C5635A;
					};
					437E1C002EB3C30000C5635A = {
						CreatedOnToolsVersion = 16.4;
					};
				};
			};
			buildConfigurationList = 4275118D2EAAF62000C5635A /* Build configuration list for PBXProject "Wurstfinger" */;
			developmentRegion = en;
			hasScannedForEncodings = 0;
			knownRegions = (
				en,
				Base,
				de,
				fr,
				es,
				it,
				ru,
				pl,
				sv,
				fi,
				hr,
				he,
				vi,
				fil,
			);
			mainGroup = 427511892EAAF62000C5635A;
			minimizedProjectReferenceProxies = 1;
			preferredProjectObjectVersion = 77;
			productRefGroup = 427511932EAAF62000C5635A /* Products */;
			projectDirPath = "";
			projectRoot = "";
			targets = (
				427511912EAAF62000C5635A /* WurstfingerApp */,
				4275119E2EAAF62100C5635A /* WurstfingerTests */,
				427511A82EAAF62100C5635A /* WurstfingerUITests */,
				437E1C002EB3C30000C5635A /* Wurstfinger */,
			);
		};
/* End PBXProject section */

/* Begin PBXResourcesBuildPhase section */
		427511902EAAF62000C5635A /* Resources */ = {
			isa = PBXResourcesBuildPhase;
			buildActionMask = 2147483647;
			files = (
			);
			runOnlyForDeploymentPostprocessing = 0;
		};
		4275119D2EAAF62100C5635A /* Resources */ = {
			isa = PBXResourcesBuildPhase;
			buildActionMask = 2147483647;
			files = (
			);
			runOnlyForDeploymentPostprocessing = 0;
		};
		427511A72EAAF62100C5635A /* Resources */ = {
			isa = PBXResourcesBuildPhase;
			buildActionMask = 2147483647;
			files = (
			);
			runOnlyForDeploymentPostprocessing = 0;
		};
		437E1C022EB3C30000C5635A /* Resources */ = {
			isa = PBXResourcesBuildPhase;
			buildActionMask = 2147483647;
			files = (
			);
			runOnlyForDeploymentPostprocessing = 0;
		};
/* End PBXResourcesBuildPhase section */

/* Begin PBXSourcesBuildPhase section */
		4275118E2EAAF62000C5635A /* Sources */ = {
			isa = PBXSourcesBuildPhase;
			buildActionMask = 2147483647;
			files = (
			);
			runOnlyForDeploymentPostprocessing = 0;
		};
		4275119B2EAAF62100C5635A /* Sources */ = {
			isa = PBXSourcesBuildPhase;
			buildActionMask = 2147483647;
			files = (
			);
			runOnlyForDeploymentPostprocessing = 0;
		};
		427511A52EAAF62100C5635A /* Sources */ = {
			isa = PBXSourcesBuildPhase;
			buildActionMask = 2147483647;
			files = (
			);
			runOnlyForDeploymentPostprocessing = 0;
		};
		437E1C032EB3C30000C5635A /* Sources */ = {
			isa = PBXSourcesBuildPhase;
			buildActionMask = 2147483647;
			files = (
			);
			runOnlyForDeploymentPostprocessing = 0;
		};
/* End PBXSourcesBuildPhase section */

/* Begin PBXTargetDependency section */
		427511A12EAAF62100C5635A /* PBXTargetDependency */ = {
			isa = PBXTargetDependency;
			target = 427511912EAAF62000C5635A /* WurstfingerApp */;
			targetProxy = 427511A02EAAF62100C5635A /* PBXContainerItemProxy */;
		};
		427511AB2EAAF62100C5635A /* PBXTargetDependency */ = {
			isa = PBXTargetDependency;
			target = 427511912EAAF62000C5635A /* WurstfingerApp */;
			targetProxy = 427511AA2EAAF62100C5635A /* PBXContainerItemProxy */;
		};
		427511FE2EAAF62100C5635A /* PBXTargetDependency */ = {
			isa = PBXTargetDependency;
			target = 437E1C002EB3C30000C5635A /* Wurstfinger */;
			targetProxy = 427511FF2EAAF62100C5635A /* PBXContainerItemProxy */;
		};
		437E1C0C2EB3C30000C5635A /* PBXTargetDependency */ = {
			isa = PBXTargetDependency;
			target = 437E1C002EB3C30000C5635A /* Wurstfinger */;
			targetProxy = 437E1C0B2EB3C30000C5635A /* PBXContainerItemProxy */;
		};
/* End PBXTargetDependency section */

/* Begin XCBuildConfiguration section */
		427511B12EAAF62100C5635A /* Debug */ = {
			isa = XCBuildConfiguration;
			buildSettings = {
				ALWAYS_SEARCH_USER_PATHS = NO;
				ASSETCATALOG_COMPILER_GENERATE_SWIFT_ASSET_SYMBOL_EXTENSIONS = YES;
				CLANG_ANALYZER_NONNULL = YES;
				CLANG_ANALYZER_NUMBER_OBJECT_CONVERSION = YES_AGGRESSIVE;
				CLANG_CXX_LANGUAGE_STANDARD = "gnu++20";
				CLANG_ENABLE_MODULES = YES;
				CLANG_ENABLE_OBJC_ARC = YES;
				CLANG_ENABLE_OBJC_WEAK = YES;
				CLANG_WARN_BLOCK_CAPTURE_AUTORELEASING = YES;
				CLANG_WARN_BOOL_CONVERSION = YES;
				CLANG_WARN_COMMA = YES;
				CLANG_WARN_CONSTANT_CONVERSION = YES;
				CLANG_WARN_DEPRECATED_OBJC_IMPLEMENTATIONS = YES;
				CLANG_WARN_DIRECT_OBJC_ISA_USAGE = YES_ERROR;
				CLANG_WARN_DOCUMENTATION_COMMENTS = YES;
				CLANG_WARN_EMPTY_BODY = YES;
				CLANG_WARN_ENUM_CONVERSION = YES;
				CLANG_WARN_INFINITE_RECURSION = YES;
				CLANG_WARN_INT_CONVERSION = YES;
				CLANG_WARN_NON_LITERAL_NULL_CONVERSION = YES;
				CLANG_WARN_OBJC_IMPLICIT_RETAIN_SELF = YES;
				CLANG_WARN_OBJC_LITERAL_CONVERSION = YES;
				CLANG_WARN_OBJC_ROOT_CLASS = YES_ERROR;
				CLANG_WARN_QUOTED_INCLUDE_IN_FRAMEWORK_HEADER = YES;
				CLANG_WARN_RANGE_LOOP_ANALYSIS = YES;
				CLANG_WARN_STRICT_PROTOTYPES = YES;
				CLANG_WARN_SUSPICIOUS_MOVE = YES;
				CLANG_WARN_UNGUARDED_AVAILABILITY = YES_AGGRESSIVE;
				CLANG_WARN_UNREACHABLE_CODE = YES;
				CLANG_WARN__DUPLICATE_METHOD_MATCH = YES;
				COPY_PHASE_STRIP = NO;
				DEBUG_INFORMATION_FORMAT = dwarf;
				ENABLE_STRICT_OBJC_MSGSEND = YES;
				ENABLE_TESTABILITY = YES;
				ENABLE_USER_SCRIPT_SANDBOXING = YES;
				GCC_C_LANGUAGE_STANDARD = gnu17;
				GCC_DYNAMIC_NO_PIC = NO;
				GCC_NO_COMMON_BLOCKS = YES;
				GCC_OPTIMIZATION_LEVEL = 0;
				GCC_PREPROCESSOR_DEFINITIONS = (
					"DEBUG=1",
					"$(inherited)",
				);
				GCC_WARN_64_TO_32_BIT_CONVERSION = YES;
				GCC_WARN_ABOUT_RETURN_TYPE = YES_ERROR;
				GCC_WARN_UNDECLARED_SELECTOR = YES;
				GCC_WARN_UNINITIALIZED_AUTOS = YES_AGGRESSIVE;
				GCC_WARN_UNUSED_FUNCTION = YES;
				GCC_WARN_UNUSED_VARIABLE = YES;
				IPHONEOS_DEPLOYMENT_TARGET = 16.0;
				LOCALIZATION_PREFERS_STRING_CATALOGS = YES;
				MTL_ENABLE_DEBUG_INFO = INCLUDE_SOURCE;
				MTL_FAST_MATH = YES;
				ONLY_ACTIVE_ARCH = YES;
				SDKROOT = iphoneos;
				SWIFT_ACTIVE_COMPILATION_CONDITIONS = "DEBUG $(inherited)";
				SWIFT_OPTIMIZATION_LEVEL = "-Onone";
			};
			name = Debug;
		};
		427511B22EAAF62100C5635A /* Release */ = {
			isa = XCBuildConfiguration;
			buildSettings = {
				ALWAYS_SEARCH_USER_PATHS = NO;
				ASSETCATALOG_COMPILER_GENERATE_SWIFT_ASSET_SYMBOL_EXTENSIONS = YES;
				CLANG_ANALYZER_NONNULL = YES;
				CLANG_ANALYZER_NUMBER_OBJECT_CONVERSION = YES_AGGRESSIVE;
				CLANG_CXX_LANGUAGE_STANDARD = "gnu++20";
				CLANG_ENABLE_MODULES = YES;
				CLANG_ENABLE_OBJC_ARC = YES;
				CLANG_ENABLE_OBJC_WEAK = YES;
				CLANG_WARN_BLOCK_CAPTURE_AUTORELEASING = YES;
				CLANG_WARN_BOOL_CONVERSION = YES;
				CLANG_WARN_COMMA = YES;
				CLANG_WARN_CONSTANT_CONVERSION = YES;
				CLANG_WARN_DEPRECATED_OBJC_IMPLEMENTATIONS = YES;
				CLANG_WARN_DIRECT_OBJC_ISA_USAGE = YES_ERROR;
				CLANG_WARN_DOCUMENTATION_COMMENTS = YES;
				CLANG_WARN_EMPTY_BODY = YES;
				CLANG_WARN_ENUM_CONVERSION = YES;
				CLANG_WARN_INFINITE_RECURSION = YES;
				CLANG_WARN_INT_CONVERSION = YES;
				CLANG_WARN_NON_LITERAL_NULL_CONVERSION = YES;
				CLANG_WARN_OBJC_IMPLICIT_RETAIN_SELF = YES;
				CLANG_WARN_OBJC_LITERAL_CONVERSION = YES;
				CLANG_WARN_OBJC_ROOT_CLASS = YES_ERROR;
				CLANG_WARN_QUOTED_INCLUDE_IN_FRAMEWORK_HEADER = YES;
				CLANG_WARN_RANGE_LOOP_ANALYSIS = YES;
				CLANG_WARN_STRICT_PROTOTYPES = YES;
				CLANG_WARN_SUSPICIOUS_MOVE = YES;
				CLANG_WARN_UNGUARDED_AVAILABILITY = YES_AGGRESSIVE;
				CLANG_WARN_UNREACHABLE_CODE = YES;
				CLANG_WARN__DUPLICATE_METHOD_MATCH = YES;
				COPY_PHASE_STRIP = NO;
				DEBUG_INFORMATION_FORMAT = "dwarf-with-dsym";
				ENABLE_NS_ASSERTIONS = NO;
				ENABLE_STRICT_OBJC_MSGSEND = YES;
				ENABLE_USER_SCRIPT_SANDBOXING = YES;
				GCC_C_LANGUAGE_STANDARD = gnu17;
				GCC_NO_COMMON_BLOCKS = YES;
				GCC_WARN_64_TO_32_BIT_CONVERSION = YES;
				GCC_WARN_ABOUT_RETURN_TYPE = YES_ERROR;
				GCC_WARN_UNDECLARED_SELECTOR = YES;
				GCC_WARN_UNINITIALIZED_AUTOS = YES_AGGRESSIVE;
				GCC_WARN_UNUSED_FUNCTION = YES;
				GCC_WARN_UNUSED_VARIABLE = YES;
				IPHONEOS_DEPLOYMENT_TARGET = 16.0;
				LOCALIZATION_PREFERS_STRING_CATALOGS = YES;
				MTL_ENABLE_DEBUG_INFO = NO;
				MTL_FAST_MATH = YES;
				SDKROOT = iphoneos;
				SWIFT_COMPILATION_MODE = wholemodule;
				VALIDATE_PRODUCT = YES;
			};
			name = Release;
		};
		427511B42EAAF62100C5635A /* Debug */ = {
			isa = XCBuildConfiguration;
			buildSettings = {
				ASSETCATALOG_COMPILER_APPICON_NAME = AppIcon;
				ASSETCATALOG_COMPILER_GLOBAL_ACCENT_COLOR_NAME = AccentColor;
				CODE_SIGN_ENTITLEMENTS = wurstfinger/wurstfinger.entitlements;
				CODE_SIGN_IDENTITY = "Apple Development";
				CODE_SIGN_STYLE = Automatic;
				CURRENT_PROJECT_VERSION = 1;
				DEVELOPMENT_TEAM = 4WPG6NQAWC;
				ENABLE_PREVIEWS = YES;
				GENERATE_INFOPLIST_FILE = YES;
				INFOPLIST_KEY_CFBundleDisplayName = Wurstfinger;
				INFOPLIST_KEY_ITSAppUsesNonExemptEncryption = NO;
				INFOPLIST_KEY_UIApplicationSceneManifest_Generation = YES;
				INFOPLIST_KEY_UIApplicationSupportsIndirectInputEvents = YES;
				INFOPLIST_KEY_UILaunchScreen_Generation = YES;
				INFOPLIST_KEY_UISupportedInterfaceOrientations_iPad = "UIInterfaceOrientationPortrait UIInterfaceOrientationPortraitUpsideDown UIInterfaceOrientationLandscapeLeft UIInterfaceOrientationLandscapeRight";
				INFOPLIST_KEY_UISupportedInterfaceOrientations_iPhone = "UIInterfaceOrientationPortrait UIInterfaceOrientationLandscapeLeft UIInterfaceOrientationLandscapeRight";
				LD_RUNPATH_SEARCH_PATHS = (
					"$(inherited)",
					"@executable_path/Frameworks",
				);
				MARKETING_VERSION = 1.2.0;
				PRODUCT_BUNDLE_IDENTIFIER = de.akator.wurstfinger;
				PRODUCT_NAME = "$(TARGET_NAME)";
				PROVISIONING_PROFILE_SPECIFIER = "";
				SWIFT_EMIT_LOC_STRINGS = YES;
				SWIFT_VERSION = 5.0;
				TARGETED_DEVICE_FAMILY = 1;
			};
			name = Debug;
		};
		427511B52EAAF62100C5635A /* Release */ = {
			isa = XCBuildConfiguration;
			buildSettings = {
				ASSETCATALOG_COMPILER_APPICON_NAME = AppIcon;
				ASSETCATALOG_COMPILER_GLOBAL_ACCENT_COLOR_NAME = AccentColor;
				CODE_SIGN_ENTITLEMENTS = wurstfinger/wurstfinger.entitlements;
				CODE_SIGN_IDENTITY = "Apple Development";
				CODE_SIGN_STYLE = Automatic;
				CURRENT_PROJECT_VERSION = 1;
				DEVELOPMENT_TEAM = 4WPG6NQAWC;
				ENABLE_PREVIEWS = YES;
				GENERATE_INFOPLIST_FILE = YES;
				INFOPLIST_KEY_CFBundleDisplayName = Wurstfinger;
				INFOPLIST_KEY_ITSAppUsesNonExemptEncryption = NO;
				INFOPLIST_KEY_UIApplicationSceneManifest_Generation = YES;
				INFOPLIST_KEY_UIApplicationSupportsIndirectInputEvents = YES;
				INFOPLIST_KEY_UILaunchScreen_Generation = YES;
				INFOPLIST_KEY_UISupportedInterfaceOrientations_iPad = "UIInterfaceOrientationPortrait UIInterfaceOrientationPortraitUpsideDown UIInterfaceOrientationLandscapeLeft UIInterfaceOrientationLandscapeRight";
				INFOPLIST_KEY_UISupportedInterfaceOrientations_iPhone = "UIInterfaceOrientationPortrait UIInterfaceOrientationLandscapeLeft UIInterfaceOrientationLandscapeRight";
				LD_RUNPATH_SEARCH_PATHS = (
					"$(inherited)",
					"@executable_path/Frameworks",
				);
				MARKETING_VERSION = 1.2.0;
				PRODUCT_BUNDLE_IDENTIFIER = de.akator.wurstfinger;
				PRODUCT_NAME = "$(TARGET_NAME)";
				PROVISIONING_PROFILE_SPECIFIER = "";
				SWIFT_EMIT_LOC_STRINGS = YES;
				SWIFT_VERSION = 5.0;
				TARGETED_DEVICE_FAMILY = 1;
			};
			name = Release;
		};
		427511B72EAAF62100C5635A /* Debug */ = {
			isa = XCBuildConfiguration;
			buildSettings = {
				BUNDLE_LOADER = "$(TEST_HOST)";
				CODE_SIGN_STYLE = Automatic;
				CURRENT_PROJECT_VERSION = 1;
				GENERATE_INFOPLIST_FILE = YES;
				IPHONEOS_DEPLOYMENT_TARGET = 16.0;
				MARKETING_VERSION = 1.2.0;
				PRODUCT_BUNDLE_IDENTIFIER = de.akator.wurstfingerTests;
				PRODUCT_NAME = "$(TARGET_NAME)";
				SWIFT_EMIT_LOC_STRINGS = NO;
				SWIFT_VERSION = 5.0;
				TARGETED_DEVICE_FAMILY = 1;
				TEST_HOST = "$(BUILT_PRODUCTS_DIR)/WurstfingerApp.app/$(BUNDLE_EXECUTABLE_FOLDER_PATH)/WurstfingerApp";
			};
			name = Debug;
		};
		427511B82EAAF62100C5635A /* Release */ = {
			isa = XCBuildConfiguration;
			buildSettings = {
				BUNDLE_LOADER = "$(TEST_HOST)";
				CODE_SIGN_STYLE = Automatic;
				CURRENT_PROJECT_VERSION = 1;
				GENERATE_INFOPLIST_FILE = YES;
				IPHONEOS_DEPLOYMENT_TARGET = 16.0;
				MARKETING_VERSION = 1.2.0;
				PRODUCT_BUNDLE_IDENTIFIER = de.akator.wurstfingerTests;
				PRODUCT_NAME = "$(TARGET_NAME)";
				SWIFT_EMIT_LOC_STRINGS = NO;
				SWIFT_VERSION = 5.0;
				TARGETED_DEVICE_FAMILY = 1;
				TEST_HOST = "$(BUILT_PRODUCTS_DIR)/WurstfingerApp.app/$(BUNDLE_EXECUTABLE_FOLDER_PATH)/WurstfingerApp";
			};
			name = Release;
		};
		427511BA2EAAF62100C5635A /* Debug */ = {
			isa = XCBuildConfiguration;
			buildSettings = {
				CODE_SIGN_STYLE = Automatic;
				CURRENT_PROJECT_VERSION = 1;
				GENERATE_INFOPLIST_FILE = YES;
				MARKETING_VERSION = 1.2.0;
				PRODUCT_BUNDLE_IDENTIFIER = de.akator.wurstfingerUITests;
				PRODUCT_NAME = "$(TARGET_NAME)";
				SWIFT_EMIT_LOC_STRINGS = NO;
				SWIFT_VERSION = 5.0;
				TARGETED_DEVICE_FAMILY = 1;
				TEST_TARGET_NAME = WurstfingerApp;
			};
			name = Debug;
		};
		427511BB2EAAF62100C5635A /* Release */ = {
			isa = XCBuildConfiguration;
			buildSettings = {
				CODE_SIGN_STYLE = Automatic;
				CURRENT_PROJECT_VERSION = 1;
				GENERATE_INFOPLIST_FILE = YES;
				MARKETING_VERSION = 1.2.0;
				PRODUCT_BUNDLE_IDENTIFIER = de.akator.wurstfingerUITests;
				PRODUCT_NAME = "$(TARGET_NAME)";
				SWIFT_EMIT_LOC_STRINGS = NO;
				SWIFT_VERSION = 5.0;
				TARGETED_DEVICE_FAMILY = 1;
				TEST_TARGET_NAME = WurstfingerApp;
			};
			name = Release;
		};
		437E1C072EB3C30000C5635A /* Debug */ = {
			isa = XCBuildConfiguration;
			buildSettings = {
				APPLICATION_EXTENSION_API_ONLY = YES;
				CODE_SIGN_ENTITLEMENTS = wurstfingerKeyboard/wurstfingerKeyboard.entitlements;
				CODE_SIGN_IDENTITY = "Apple Development";
				CODE_SIGN_STYLE = Automatic;
				CURRENT_PROJECT_VERSION = 1;
				DEVELOPMENT_TEAM = 4WPG6NQAWC;
				ENABLE_TESTABILITY = YES;
				GENERATE_INFOPLIST_FILE = NO;
				INFOPLIST_FILE = wurstfingerKeyboard/Info.plist;
				INFOPLIST_KEY_CFBundleDisplayName = WurstfingerKeyboard;
				IPHONEOS_DEPLOYMENT_TARGET = 16.0;
				LD_RUNPATH_SEARCH_PATHS = (
					"$(inherited)",
					"@executable_path/Frameworks",
				);
				MARKETING_VERSION = 1.2.0;
				PRODUCT_BUNDLE_IDENTIFIER = de.akator.wurstfinger.keyboard;
				PRODUCT_NAME = "$(TARGET_NAME)";
				PROVISIONING_PROFILE_SPECIFIER = "";
				SKIP_INSTALL = YES;
				SWIFT_EMIT_LOC_STRINGS = NO;
				SWIFT_MODULE_NAME = Wurstfinger;
				SWIFT_VERSION = 5.0;
				TARGETED_DEVICE_FAMILY = 1;
			};
			name = Debug;
		};
		437E1C082EB3C30000C5635A /* Release */ = {
			isa = XCBuildConfiguration;
			buildSettings = {
				APPLICATION_EXTENSION_API_ONLY = YES;
				CODE_SIGN_ENTITLEMENTS = wurstfingerKeyboard/wurstfingerKeyboard.entitlements;
				CODE_SIGN_IDENTITY = "Apple Development";
				CODE_SIGN_STYLE = Automatic;
				CURRENT_PROJECT_VERSION = 1;
				DEVELOPMENT_TEAM = 4WPG6NQAWC;
				GENERATE_INFOPLIST_FILE = NO;
				INFOPLIST_FILE = wurstfingerKeyboard/Info.plist;
				INFOPLIST_KEY_CFBundleDisplayName = WurstfingerKeyboard;
				IPHONEOS_DEPLOYMENT_TARGET = 16.0;
				LD_RUNPATH_SEARCH_PATHS = (
					"$(inherited)",
					"@executable_path/Frameworks",
				);
				MARKETING_VERSION = 1.2.0;
				PRODUCT_BUNDLE_IDENTIFIER = de.akator.wurstfinger.keyboard;
				PRODUCT_NAME = "$(TARGET_NAME)";
				PROVISIONING_PROFILE_SPECIFIER = "";
				SKIP_INSTALL = YES;
				SWIFT_COMPILATION_MODE = wholemodule;
				SWIFT_EMIT_LOC_STRINGS = NO;
				SWIFT_MODULE_NAME = Wurstfinger;
				SWIFT_OPTIMIZATION_LEVEL = "-O";
				SWIFT_VERSION = 5.0;
				TARGETED_DEVICE_FAMILY = 1;
			};
			name = Release;
		};
/* End XCBuildConfiguration section */

/* Begin XCConfigurationList section */
		4275118D2EAAF62000C5635A /* Build configuration list for PBXProject "Wurstfinger" */ = {
			isa = XCConfigurationList;
			buildConfigurations = (
				427511B12EAAF62100C5635A /* Debug */,
				427511B22EAAF62100C5635A /* Release */,
			);
			defaultConfigurationIsVisible = 0;
			defaultConfigurationName = Release;
		};
		427511B32EAAF62100C5635A /* Build configuration list for PBXNativeTarget "WurstfingerApp" */ = {
			isa = XCConfigurationList;
			buildConfigurations = (
				427511B42EAAF62100C5635A /* Debug */,
				427511B52EAAF62100C5635A /* Release */,
			);
			defaultConfigurationIsVisible = 0;
			defaultConfigurationName = Release;
		};
		427511B62EAAF62100C5635A /* Build configuration list for PBXNativeTarget "WurstfingerTests" */ = {
			isa = XCConfigurationList;
			buildConfigurations = (
				427511B72EAAF62100C5635A /* Debug */,
				427511B82EAAF62100C5635A /* Release */,
			);
			defaultConfigurationIsVisible = 0;
			defaultConfigurationName = Release;
		};
		427511B92EAAF62100C5635A /* Build configuration list for PBXNativeTarget "WurstfingerUITests" */ = {
			isa = XCConfigurationList;
			buildConfigurations = (
				427511BA2EAAF62100C5635A /* Debug */,
				427511BB2EAAF62100C5635A /* Release */,
			);
			defaultConfigurationIsVisible = 0;
			defaultConfigurationName = Release;
		};
		437E1C062EB3C30000C5635A /* Build configuration list for PBXNativeTarget "Wurstfinger" */ = {
			isa = XCConfigurationList;
			buildConfigurations = (
				437E1C072EB3C30000C5635A /* Debug */,
				437E1C082EB3C30000C5635A /* Release */,
			);
			defaultConfigurationIsVisible = 0;
			defaultConfigurationName = Release;
		};
/* End XCConfigurationList section */
	};
	rootObject = 4275118A2EAAF62000C5635A /* Project object */;
}
